// !$*UTF8*$!
{
	archiveVersion = 1;
	classes = {
	};
	objectVersion = 46;
	objects = {

/* Begin PBXBuildFile section */
		34AFDBAD1B795FC7005D5A93 /* LICENSE in Resources */ = {isa = PBXBuildFile; fileRef = 34AFDBAC1B795FC7005D5A93 /* LICENSE */; };
		34AFDBB11B796C36005D5A93 /* SAMPLE_APP_LICENSE.txt in Resources */ = {isa = PBXBuildFile; fileRef = 34AFDBB01B796C36005D5A93 /* SAMPLE_APP_LICENSE.txt */; };
		34E705151B66AEC0004ADF65 /* AppDelegate.swift in Sources */ = {isa = PBXBuildFile; fileRef = 34E705141B66AEC0004ADF65 /* AppDelegate.swift */; };
		34E705171B66AEC0004ADF65 /* ViewController.swift in Sources */ = {isa = PBXBuildFile; fileRef = 34E705161B66AEC0004ADF65 /* ViewController.swift */; };
		34E7051A1B66AEC0004ADF65 /* Main.storyboard in Resources */ = {isa = PBXBuildFile; fileRef = 34E705181B66AEC0004ADF65 /* Main.storyboard */; };
		34E7051C1B66AEC0004ADF65 /* Images.xcassets in Resources */ = {isa = PBXBuildFile; fileRef = 34E7051B1B66AEC0004ADF65 /* Images.xcassets */; };
		34E7051F1B66AEC0004ADF65 /* LaunchScreen.xib in Resources */ = {isa = PBXBuildFile; fileRef = 34E7051D1B66AEC0004ADF65 /* LaunchScreen.xib */; };
		34E7052B1B66AEC0004ADF65 /* MILAlertViewExampleTests.swift in Sources */ = {isa = PBXBuildFile; fileRef = 34E7052A1B66AEC0004ADF65 /* MILAlertViewExampleTests.swift */; };
		34E705811B66B0D8004ADF65 /* MILAlertViewImages.xcassets in Resources */ = {isa = PBXBuildFile; fileRef = 34E7057A1B66B0D8004ADF65 /* MILAlertViewImages.xcassets */; };
		34E705821B66B0D8004ADF65 /* MILAlertViewManager.swift in Sources */ = {isa = PBXBuildFile; fileRef = 34E7057B1B66B0D8004ADF65 /* MILAlertViewManager.swift */; };
		34E705831B66B0D8004ADF65 /* MILAlertView.swift in Sources */ = {isa = PBXBuildFile; fileRef = 34E7057D1B66B0D8004ADF65 /* MILAlertView.swift */; };
		34E705841B66B0D8004ADF65 /* MILAlertView.xib in Resources */ = {isa = PBXBuildFile; fileRef = 34E7057E1B66B0D8004ADF65 /* MILAlertView.xib */; };
		34E705861B66B0D8004ADF65 /* MILFakeMessageAlertView.xib in Resources */ = {isa = PBXBuildFile; fileRef = 34E705801B66B0D8004ADF65 /* MILFakeMessageAlertView.xib */; };
/* End PBXBuildFile section */

/* Begin PBXContainerItemProxy section */
		34E705251B66AEC0004ADF65 /* PBXContainerItemProxy */ = {
			isa = PBXContainerItemProxy;
			containerPortal = 34E705071B66AEC0004ADF65 /* Project object */;
			proxyType = 1;
			remoteGlobalIDString = 34E7050E1B66AEC0004ADF65;
			remoteInfo = MILAlertViewExample;
		};
/* End PBXContainerItemProxy section */

/* Begin PBXFileReference section */
		34AFDBAC1B795FC7005D5A93 /* LICENSE */ = {isa = PBXFileReference; fileEncoding = 4; lastKnownFileType = text; path = LICENSE; sourceTree = "<group>"; };
		34AFDBB01B796C36005D5A93 /* SAMPLE_APP_LICENSE.txt */ = {isa = PBXFileReference; fileEncoding = 4; lastKnownFileType = text; path = SAMPLE_APP_LICENSE.txt; sourceTree = "<group>"; };
		34E7050F1B66AEC0004ADF65 /* MILAlertViewExample.app */ = {isa = PBXFileReference; explicitFileType = wrapper.application; includeInIndex = 0; path = MILAlertViewExample.app; sourceTree = BUILT_PRODUCTS_DIR; };
		34E705131B66AEC0004ADF65 /* Info.plist */ = {isa = PBXFileReference; lastKnownFileType = text.plist.xml; path = Info.plist; sourceTree = "<group>"; };
		34E705141B66AEC0004ADF65 /* AppDelegate.swift */ = {isa = PBXFileReference; lastKnownFileType = sourcecode.swift; path = AppDelegate.swift; sourceTree = "<group>"; };
		34E705161B66AEC0004ADF65 /* ViewController.swift */ = {isa = PBXFileReference; lastKnownFileType = sourcecode.swift; path = ViewController.swift; sourceTree = "<group>"; };
		34E705191B66AEC0004ADF65 /* Base */ = {isa = PBXFileReference; lastKnownFileType = file.storyboard; name = Base; path = Base.lproj/Main.storyboard; sourceTree = "<group>"; };
		34E7051B1B66AEC0004ADF65 /* Images.xcassets */ = {isa = PBXFileReference; lastKnownFileType = folder.assetcatalog; path = Images.xcassets; sourceTree = "<group>"; };
		34E7051E1B66AEC0004ADF65 /* Base */ = {isa = PBXFileReference; lastKnownFileType = file.xib; name = Base; path = Base.lproj/LaunchScreen.xib; sourceTree = "<group>"; };
		34E705241B66AEC0004ADF65 /* MILAlertViewExampleTests.xctest */ = {isa = PBXFileReference; explicitFileType = wrapper.cfbundle; includeInIndex = 0; path = MILAlertViewExampleTests.xctest; sourceTree = BUILT_PRODUCTS_DIR; };
		34E705291B66AEC0004ADF65 /* Info.plist */ = {isa = PBXFileReference; lastKnownFileType = text.plist.xml; path = Info.plist; sourceTree = "<group>"; };
		34E7052A1B66AEC0004ADF65 /* MILAlertViewExampleTests.swift */ = {isa = PBXFileReference; lastKnownFileType = sourcecode.swift; path = MILAlertViewExampleTests.swift; sourceTree = "<group>"; };
		34E7057A1B66B0D8004ADF65 /* MILAlertViewImages.xcassets */ = {isa = PBXFileReference; lastKnownFileType = folder.assetcatalog; path = MILAlertViewImages.xcassets; sourceTree = "<group>"; };
		34E7057B1B66B0D8004ADF65 /* MILAlertViewManager.swift */ = {isa = PBXFileReference; fileEncoding = 4; lastKnownFileType = sourcecode.swift; path = MILAlertViewManager.swift; sourceTree = "<group>"; };
		34E7057D1B66B0D8004ADF65 /* MILAlertView.swift */ = {isa = PBXFileReference; fileEncoding = 4; lastKnownFileType = sourcecode.swift; path = MILAlertView.swift; sourceTree = "<group>"; };
		34E7057E1B66B0D8004ADF65 /* MILAlertView.xib */ = {isa = PBXFileReference; fileEncoding = 4; lastKnownFileType = file.xib; path = MILAlertView.xib; sourceTree = "<group>"; };
		34E705801B66B0D8004ADF65 /* MILFakeMessageAlertView.xib */ = {isa = PBXFileReference; fileEncoding = 4; lastKnownFileType = file.xib; path = MILFakeMessageAlertView.xib; sourceTree = "<group>"; };
/* End PBXFileReference section */

/* Begin PBXFrameworksBuildPhase section */
		34E7050C1B66AEC0004ADF65 /* Frameworks */ = {
			isa = PBXFrameworksBuildPhase;
			buildActionMask = 2147483647;
			files = (
			);
			runOnlyForDeploymentPostprocessing = 0;
		};
		34E705211B66AEC0004ADF65 /* Frameworks */ = {
			isa = PBXFrameworksBuildPhase;
			buildActionMask = 2147483647;
			files = (
			);
			runOnlyForDeploymentPostprocessing = 0;
		};
/* End PBXFrameworksBuildPhase section */

/* Begin PBXGroup section */
		34E705061B66AEC0004ADF65 = {
			isa = PBXGroup;
			children = (
				34AFDBB01B796C36005D5A93 /* SAMPLE_APP_LICENSE.txt */,
				34E705111B66AEC0004ADF65 /* MILAlertViewExample */,
				34E705271B66AEC0004ADF65 /* MILAlertViewExampleTests */,
				34E705101B66AEC0004ADF65 /* Products */,
			);
			sourceTree = "<group>";
		};
		34E705101B66AEC0004ADF65 /* Products */ = {
			isa = PBXGroup;
			children = (
				34E7050F1B66AEC0004ADF65 /* MILAlertViewExample.app */,
				34E705241B66AEC0004ADF65 /* MILAlertViewExampleTests.xctest */,
			);
			name = Products;
			sourceTree = "<group>";
		};
		34E705111B66AEC0004ADF65 /* MILAlertViewExample */ = {
			isa = PBXGroup;
			children = (
				34E705791B66B0D8004ADF65 /* MILAlertView */,
				34E705141B66AEC0004ADF65 /* AppDelegate.swift */,
				34E705161B66AEC0004ADF65 /* ViewController.swift */,
				34E705181B66AEC0004ADF65 /* Main.storyboard */,
				34E7051B1B66AEC0004ADF65 /* Images.xcassets */,
				34E7051D1B66AEC0004ADF65 /* LaunchScreen.xib */,
				34E705121B66AEC0004ADF65 /* Supporting Files */,
			);
			path = MILAlertViewExample;
			sourceTree = "<group>";
		};
		34E705121B66AEC0004ADF65 /* Supporting Files */ = {
			isa = PBXGroup;
			children = (
				34E705131B66AEC0004ADF65 /* Info.plist */,
			);
			name = "Supporting Files";
			sourceTree = "<group>";
		};
		34E705271B66AEC0004ADF65 /* MILAlertViewExampleTests */ = {
			isa = PBXGroup;
			children = (
				34E7052A1B66AEC0004ADF65 /* MILAlertViewExampleTests.swift */,
				34E705281B66AEC0004ADF65 /* Supporting Files */,
			);
			path = MILAlertViewExampleTests;
			sourceTree = "<group>";
		};
		34E705281B66AEC0004ADF65 /* Supporting Files */ = {
			isa = PBXGroup;
			children = (
				34E705291B66AEC0004ADF65 /* Info.plist */,
			);
			name = "Supporting Files";
			sourceTree = "<group>";
		};
		34E705791B66B0D8004ADF65 /* MILAlertView */ = {
			isa = PBXGroup;
			children = (
				34AFDBAC1B795FC7005D5A93 /* LICENSE */,
				34E7057A1B66B0D8004ADF65 /* MILAlertViewImages.xcassets */,
				34E7057B1B66B0D8004ADF65 /* MILAlertViewManager.swift */,
				34E7057C1B66B0D8004ADF65 /* Views */,
			);
			path = MILAlertView;
			sourceTree = "<group>";
		};
		34E7057C1B66B0D8004ADF65 /* Views */ = {
			isa = PBXGroup;
			children = (
				34E7057D1B66B0D8004ADF65 /* MILAlertView.swift */,
				34E7057E1B66B0D8004ADF65 /* MILAlertView.xib */,
				34E705801B66B0D8004ADF65 /* MILFakeMessageAlertView.xib */,
			);
			path = Views;
			sourceTree = "<group>";
		};
/* End PBXGroup section */

/* Begin PBXNativeTarget section */
		34E7050E1B66AEC0004ADF65 /* MILAlertViewExample */ = {
			isa = PBXNativeTarget;
			buildConfigurationList = 34E7052E1B66AEC0004ADF65 /* Build configuration list for PBXNativeTarget "MILAlertViewExample" */;
			buildPhases = (
				34E7050B1B66AEC0004ADF65 /* Sources */,
				34E7050C1B66AEC0004ADF65 /* Frameworks */,
				34E7050D1B66AEC0004ADF65 /* Resources */,
			);
			buildRules = (
			);
			dependencies = (
			);
			name = MILAlertViewExample;
			productName = MILAlertViewExample;
			productReference = 34E7050F1B66AEC0004ADF65 /* MILAlertViewExample.app */;
			productType = "com.apple.product-type.application";
		};
		34E705231B66AEC0004ADF65 /* MILAlertViewExampleTests */ = {
			isa = PBXNativeTarget;
			buildConfigurationList = 34E705311B66AEC0004ADF65 /* Build configuration list for PBXNativeTarget "MILAlertViewExampleTests" */;
			buildPhases = (
				34E705201B66AEC0004ADF65 /* Sources */,
				34E705211B66AEC0004ADF65 /* Frameworks */,
				34E705221B66AEC0004ADF65 /* Resources */,
			);
			buildRules = (
			);
			dependencies = (
				34E705261B66AEC0004ADF65 /* PBXTargetDependency */,
			);
			name = MILAlertViewExampleTests;
			productName = MILAlertViewExampleTests;
			productReference = 34E705241B66AEC0004ADF65 /* MILAlertViewExampleTests.xctest */;
			productType = "com.apple.product-type.bundle.unit-test";
		};
/* End PBXNativeTarget section */

/* Begin PBXProject section */
		34E705071B66AEC0004ADF65 /* Project object */ = {
			isa = PBXProject;
			attributes = {
				LastSwiftUpdateCheck = 0710;
				LastUpgradeCheck = 0710;
				ORGANIZATIONNAME = IBM;
				TargetAttributes = {
					34E7050E1B66AEC0004ADF65 = {
						CreatedOnToolsVersion = 6.4;
					};
					34E705231B66AEC0004ADF65 = {
						CreatedOnToolsVersion = 6.4;
						TestTargetID = 34E7050E1B66AEC0004ADF65;
					};
				};
			};
			buildConfigurationList = 34E7050A1B66AEC0004ADF65 /* Build configuration list for PBXProject "MILAlertViewExample" */;
			compatibilityVersion = "Xcode 3.2";
			developmentRegion = English;
			hasScannedForEncodings = 0;
			knownRegions = (
				en,
				Base,
			);
			mainGroup = 34E705061B66AEC0004ADF65;
			productRefGroup = 34E705101B66AEC0004ADF65 /* Products */;
			projectDirPath = "";
			projectRoot = "";
			targets = (
				34E7050E1B66AEC0004ADF65 /* MILAlertViewExample */,
				34E705231B66AEC0004ADF65 /* MILAlertViewExampleTests */,
			);
		};
/* End PBXProject section */

/* Begin PBXResourcesBuildPhase section */
		34E7050D1B66AEC0004ADF65 /* Resources */ = {
			isa = PBXResourcesBuildPhase;
			buildActionMask = 2147483647;
			files = (
				34AFDBB11B796C36005D5A93 /* SAMPLE_APP_LICENSE.txt in Resources */,
				34E7051A1B66AEC0004ADF65 /* Main.storyboard in Resources */,
				34E7051F1B66AEC0004ADF65 /* LaunchScreen.xib in Resources */,
				34E705811B66B0D8004ADF65 /* MILAlertViewImages.xcassets in Resources */,
				34AFDBAD1B795FC7005D5A93 /* LICENSE in Resources */,
				34E7051C1B66AEC0004ADF65 /* Images.xcassets in Resources */,
				34E705841B66B0D8004ADF65 /* MILAlertView.xib in Resources */,
				34E705861B66B0D8004ADF65 /* MILFakeMessageAlertView.xib in Resources */,
			);
			runOnlyForDeploymentPostprocessing = 0;
		};
		34E705221B66AEC0004ADF65 /* Resources */ = {
			isa = PBXResourcesBuildPhase;
			buildActionMask = 2147483647;
			files = (
			);
			runOnlyForDeploymentPostprocessing = 0;
		};
/* End PBXResourcesBuildPhase section */

/* Begin PBXSourcesBuildPhase section */
		34E7050B1B66AEC0004ADF65 /* Sources */ = {
			isa = PBXSourcesBuildPhase;
			buildActionMask = 2147483647;
			files = (
				34E705171B66AEC0004ADF65 /* ViewController.swift in Sources */,
				34E705821B66B0D8004ADF65 /* MILAlertViewManager.swift in Sources */,
				34E705831B66B0D8004ADF65 /* MILAlertView.swift in Sources */,
				34E705151B66AEC0004ADF65 /* AppDelegate.swift in Sources */,
			);
			runOnlyForDeploymentPostprocessing = 0;
		};
		34E705201B66AEC0004ADF65 /* Sources */ = {
			isa = PBXSourcesBuildPhase;
			buildActionMask = 2147483647;
			files = (
				34E7052B1B66AEC0004ADF65 /* MILAlertViewExampleTests.swift in Sources */,
			);
			runOnlyForDeploymentPostprocessing = 0;
		};
/* End PBXSourcesBuildPhase section */

/* Begin PBXTargetDependency section */
		34E705261B66AEC0004ADF65 /* PBXTargetDependency */ = {
			isa = PBXTargetDependency;
			target = 34E7050E1B66AEC0004ADF65 /* MILAlertViewExample */;
			targetProxy = 34E705251B66AEC0004ADF65 /* PBXContainerItemProxy */;
		};
/* End PBXTargetDependency section */

/* Begin PBXVariantGroup section */
		34E705181B66AEC0004ADF65 /* Main.storyboard */ = {
			isa = PBXVariantGroup;
			children = (
				34E705191B66AEC0004ADF65 /* Base */,
			);
			name = Main.storyboard;
			sourceTree = "<group>";
		};
		34E7051D1B66AEC0004ADF65 /* LaunchScreen.xib */ = {
			isa = PBXVariantGroup;
			children = (
				34E7051E1B66AEC0004ADF65 /* Base */,
			);
			name = LaunchScreen.xib;
			sourceTree = "<group>";
		};
/* End PBXVariantGroup section */

/* Begin XCBuildConfiguration section */
		34E7052C1B66AEC0004ADF65 /* Debug */ = {
			isa = XCBuildConfiguration;
			buildSettings = {
				ALWAYS_SEARCH_USER_PATHS = NO;
				CLANG_CXX_LANGUAGE_STANDARD = "gnu++0x";
				CLANG_CXX_LIBRARY = "libc++";
				CLANG_ENABLE_MODULES = YES;
				CLANG_ENABLE_OBJC_ARC = YES;
				CLANG_WARN_BOOL_CONVERSION = YES;
				CLANG_WARN_CONSTANT_CONVERSION = YES;
				CLANG_WARN_DIRECT_OBJC_ISA_USAGE = YES_ERROR;
				CLANG_WARN_EMPTY_BODY = YES;
				CLANG_WARN_ENUM_CONVERSION = YES;
				CLANG_WARN_INT_CONVERSION = YES;
				CLANG_WARN_OBJC_ROOT_CLASS = YES_ERROR;
				CLANG_WARN_UNREACHABLE_CODE = YES;
				CLANG_WARN__DUPLICATE_METHOD_MATCH = YES;
				"CODE_SIGN_IDENTITY[sdk=iphoneos*]" = "iPhone Developer";
				COPY_PHASE_STRIP = NO;
				DEBUG_INFORMATION_FORMAT = "dwarf-with-dsym";
				ENABLE_STRICT_OBJC_MSGSEND = YES;
				ENABLE_TESTABILITY = YES;
				GCC_C_LANGUAGE_STANDARD = gnu99;
				GCC_DYNAMIC_NO_PIC = NO;
				GCC_NO_COMMON_BLOCKS = YES;
				GCC_OPTIMIZATION_LEVEL = 0;
				GCC_PREPROCESSOR_DEFINITIONS = (
					"DEBUG=1",
					"$(inherited)",
				);
				GCC_SYMBOLS_PRIVATE_EXTERN = NO;
				GCC_WARN_64_TO_32_BIT_CONVERSION = YES;
				GCC_WARN_ABOUT_RETURN_TYPE = YES_ERROR;
				GCC_WARN_UNDECLARED_SELECTOR = YES;
				GCC_WARN_UNINITIALIZED_AUTOS = YES_AGGRESSIVE;
				GCC_WARN_UNUSED_FUNCTION = YES;
				GCC_WARN_UNUSED_VARIABLE = YES;
				IPHONEOS_DEPLOYMENT_TARGET = 8.4;
				MTL_ENABLE_DEBUG_INFO = YES;
				ONLY_ACTIVE_ARCH = YES;
				SDKROOT = iphoneos;
				SWIFT_OPTIMIZATION_LEVEL = "-Onone";
			};
			name = Debug;
		};
		34E7052D1B66AEC0004ADF65 /* Release */ = {
			isa = XCBuildConfiguration;
			buildSettings = {
				ALWAYS_SEARCH_USER_PATHS = NO;
				CLANG_CXX_LANGUAGE_STANDARD = "gnu++0x";
				CLANG_CXX_LIBRARY = "libc++";
				CLANG_ENABLE_MODULES = YES;
				CLANG_ENABLE_OBJC_ARC = YES;
				CLANG_WARN_BOOL_CONVERSION = YES;
				CLANG_WARN_CONSTANT_CONVERSION = YES;
				CLANG_WARN_DIRECT_OBJC_ISA_USAGE = YES_ERROR;
				CLANG_WARN_EMPTY_BODY = YES;
				CLANG_WARN_ENUM_CONVERSION = YES;
				CLANG_WARN_INT_CONVERSION = YES;
				CLANG_WARN_OBJC_ROOT_CLASS = YES_ERROR;
				CLANG_WARN_UNREACHABLE_CODE = YES;
				CLANG_WARN__DUPLICATE_METHOD_MATCH = YES;
				"CODE_SIGN_IDENTITY[sdk=iphoneos*]" = "iPhone Developer";
				COPY_PHASE_STRIP = NO;
				DEBUG_INFORMATION_FORMAT = "dwarf-with-dsym";
				ENABLE_NS_ASSERTIONS = NO;
				ENABLE_STRICT_OBJC_MSGSEND = YES;
				GCC_C_LANGUAGE_STANDARD = gnu99;
				GCC_NO_COMMON_BLOCKS = YES;
				GCC_WARN_64_TO_32_BIT_CONVERSION = YES;
				GCC_WARN_ABOUT_RETURN_TYPE = YES_ERROR;
				GCC_WARN_UNDECLARED_SELECTOR = YES;
				GCC_WARN_UNINITIALIZED_AUTOS = YES_AGGRESSIVE;
				GCC_WARN_UNUSED_FUNCTION = YES;
				GCC_WARN_UNUSED_VARIABLE = YES;
				IPHONEOS_DEPLOYMENT_TARGET = 8.4;
				MTL_ENABLE_DEBUG_INFO = NO;
				SDKROOT = iphoneos;
				VALIDATE_PRODUCT = YES;
			};
			name = Release;
		};
		34E7052F1B66AEC0004ADF65 /* Debug */ = {
			isa = XCBuildConfiguration;
			buildSettings = {
				ASSETCATALOG_COMPILER_APPICON_NAME = AppIcon;
				INFOPLIST_FILE = MILAlertViewExample/Info.plist;
				IPHONEOS_DEPLOYMENT_TARGET = 8.4;
				LD_RUNPATH_SEARCH_PATHS = "$(inherited) @executable_path/Frameworks";
				PRODUCT_BUNDLE_IDENTIFIER = "MIL.$(PRODUCT_NAME:rfc1034identifier)";
				PRODUCT_NAME = "$(TARGET_NAME)";
			};
			name = Debug;
		};
		34E705301B66AEC0004ADF65 /* Release */ = {
			isa = XCBuildConfiguration;
			buildSettings = {
				ASSETCATALOG_COMPILER_APPICON_NAME = AppIcon;
				INFOPLIST_FILE = MILAlertViewExample/Info.plist;
				IPHONEOS_DEPLOYMENT_TARGET = 8.4;
				LD_RUNPATH_SEARCH_PATHS = "$(inherited) @executable_path/Frameworks";
				PRODUCT_BUNDLE_IDENTIFIER = "MIL.$(PRODUCT_NAME:rfc1034identifier)";
				PRODUCT_NAME = "$(TARGET_NAME)";
			};
			name = Release;
		};
		34E705321B66AEC0004ADF65 /* Debug */ = {
			isa = XCBuildConfiguration;
			buildSettings = {
				BUNDLE_LOADER = "$(TEST_HOST)";
				GCC_PREPROCESSOR_DEFINITIONS = (
					"DEBUG=1",
					"$(inherited)",
				);
				INFOPLIST_FILE = MILAlertViewExampleTests/Info.plist;
				LD_RUNPATH_SEARCH_PATHS = "$(inherited) @executable_path/Frameworks @loader_path/Frameworks";
				PRODUCT_BUNDLE_IDENTIFIER = "MIL.$(PRODUCT_NAME:rfc1034identifier)";
				PRODUCT_NAME = "$(TARGET_NAME)";
				TEST_HOST = "$(BUILT_PRODUCTS_DIR)/MILAlertViewExample.app/MILAlertViewExample";
			};
			name = Debug;
		};
		34E705331B66AEC0004ADF65 /* Release */ = {
			isa = XCBuildConfiguration;
			buildSettings = {
				BUNDLE_LOADER = "$(TEST_HOST)";
				INFOPLIST_FILE = MILAlertViewExampleTests/Info.plist;
				LD_RUNPATH_SEARCH_PATHS = "$(inherited) @executable_path/Frameworks @loader_path/Frameworks";
				PRODUCT_BUNDLE_IDENTIFIER = "MIL.$(PRODUCT_NAME:rfc1034identifier)";
				PRODUCT_NAME = "$(TARGET_NAME)";
				TEST_HOST = "$(BUILT_PRODUCTS_DIR)/MILAlertViewExample.app/MILAlertViewExample";
			};
			name = Release;
		};
/* End XCBuildConfiguration section */

/* Begin XCConfigurationList section */
		34E7050A1B66AEC0004ADF65 /* Build configuration list for PBXProject "MILAlertViewExample" */ = {
			isa = XCConfigurationList;
			buildConfigurations = (
				34E7052C1B66AEC0004ADF65 /* Debug */,
				34E7052D1B66AEC0004ADF65 /* Release */,
			);
			defaultConfigurationIsVisible = 0;
			defaultConfigurationName = Release;
		};
		34E7052E1B66AEC0004ADF65 /* Build configuration list for PBXNativeTarget "MILAlertViewExample" */ = {
			isa = XCConfigurationList;
			buildConfigurations = (
				34E7052F1B66AEC0004ADF65 /* Debug */,
				34E705301B66AEC0004ADF65 /* Release */,
			);
			defaultConfigurationIsVisible = 0;
			defaultConfigurationName = Release;
		};
		34E705311B66AEC0004ADF65 /* Build configuration list for PBXNativeTarget "MILAlertViewExampleTests" */ = {
			isa = XCConfigurationList;
			buildConfigurations = (
				34E705321B66AEC0004ADF65 /* Debug */,
				34E705331B66AEC0004ADF65 /* Release */,
			);
			defaultConfigurationIsVisible = 0;
			defaultConfigurationName = Release;
		};
/* End XCConfigurationList section */
	};
	rootObject = 34E705071B66AEC0004ADF65 /* Project object */;
}
